
Microsoft Visual Studio Solution File, Format Version 12.00
# Visual Studio 2013
VisualStudioVersion = 12.0.31101.0
MinimumVisualStudioVersion = 10.0.40219.1
Project("{8BC9CEB8-8B4A-11D0-8D11-00A0C91BC942}") = "idnkit.Shared", "idnkit\idnkit.Shared\idnkit.Shared.vcxitems", "{DE21ECB4-5A23-43B0-8313-6CD7BF6E3B37}"
EndProject
Project("{8BC9CEB8-8B4A-11D0-8D11-00A0C91BC942}") = "idnkit.Win32", "idnkit\idnkit.Win32\idnkit.Win32.vcxproj", "{EA7F7B95-2BEA-43F4-B456-F8D740F9C9C8}"
EndProject
Project("{8BC9CEB8-8B4A-11D0-8D11-00A0C91BC942}") = "idnkit.Windows", "idnkit\idnkit.Windows\idnkit.Windows.vcxproj", "{BFD348B9-016F-43BD-B92F-88DA057B8FA8}"
EndProject
Project("{8BC9CEB8-8B4A-11D0-8D11-00A0C91BC942}") = "idnkit.WindowsPhone", "idnkit\idnkit.WindowsPhone\idnkit.WindowsPhone.vcxproj", "{9F611411-F4BD-4687-BE22-B16AF16C62FD}"
EndProject
Global
	GlobalSection(SharedMSBuildProjectFiles) = preSolution
		idnkit\idnkit.Shared\idnkit.Shared.vcxitems*{9f611411-f4bd-4687-be22-b16af16c62fd}*SharedItemsImports = 4
		idnkit\idnkit.Shared\idnkit.Shared.vcxitems*{de21ecb4-5a23-43b0-8313-6cd7bf6e3b37}*SharedItemsImports = 9
		idnkit\idnkit.Shared\idnkit.Shared.vcxitems*{bfd348b9-016f-43bd-b92f-88da057b8fa8}*SharedItemsImports = 4
		idnkit\idnkit.Shared\idnkit.Shared.vcxitems*{ea7f7b95-2bea-43f4-b456-f8d740f9c9c8}*SharedItemsImports = 4
	EndGlobalSection
	GlobalSection(SolutionConfigurationPlatforms) = preSolution
		Debug|ARM = Debug|ARM
		Debug|Win32 = Debug|Win32
		Debug|x64 = Debug|x64
		Release|ARM = Release|ARM
		Release|Win32 = Release|Win32
		Release|x64 = Release|x64
	EndGlobalSection
	GlobalSection(ProjectConfigurationPlatforms) = postSolution
		{EA7F7B95-2BEA-43F4-B456-F8D740F9C9C8}.Debug|ARM.ActiveCfg = Debug|Win32
		{EA7F7B95-2BEA-43F4-B456-F8D740F9C9C8}.Debug|Win32.ActiveCfg = Debug|Win32
		{EA7F7B95-2BEA-43F4-B456-F8D740F9C9C8}.Debug|Win32.Build.0 = Debug|Win32
		{EA7F7B95-2BEA-43F4-B456-F8D740F9C9C8}.Debug|x64.ActiveCfg = Debug|Win32
		{EA7F7B95-2BEA-43F4-B456-F8D740F9C9C8}.Release|ARM.ActiveCfg = Release|Win32
		{EA7F7B95-2BEA-43F4-B456-F8D740F9C9C8}.Release|Win32.ActiveCfg = Release|Win32
		{EA7F7B95-2BEA-43F4-B456-F8D740F9C9C8}.Release|Win32.Build.0 = Release|Win32
		{EA7F7B95-2BEA-43F4-B456-F8D740F9C9C8}.Release|x64.ActiveCfg = Release|Win32
		{BFD348B9-016F-43BD-B92F-88DA057B8FA8}.Debug|ARM.ActiveCfg = Debug|ARM
		{BFD348B9-016F-43BD-B92F-88DA057B8FA8}.Debug|ARM.Build.0 = Debug|ARM
		{BFD348B9-016F-43BD-B92F-88DA057B8FA8}.Debug|Win32.ActiveCfg = Debug|Win32
		{BFD348B9-016F-43BD-B92F-88DA057B8FA8}.Debug|Win32.Build.0 = Debug|Win32
		{BFD348B9-016F-43BD-B92F-88DA057B8FA8}.Debug|x64.ActiveCfg = Debug|x64
		{BFD348B9-016F-43BD-B92F-88DA057B8FA8}.Debug|x64.Build.0 = Debug|x64
		{BFD348B9-016F-43BD-B92F-88DA057B8FA8}.Release|ARM.ActiveCfg = Release|ARM
		{BFD348B9-016F-43BD-B92F-88DA057B8FA8}.Release|ARM.Build.0 = Release|ARM
		{BFD348B9-016F-43BD-B92F-88DA057B8FA8}.Release|Win32.ActiveCfg = Release|Win32
		{BFD348B9-016F-43BD-B92F-88DA057B8FA8}.Release|Win32.Build.0 = Release|Win32
		{BFD348B9-016F-43BD-B92F-88DA057B8FA8}.Release|x64.ActiveCfg = Release|x64
		{BFD348B9-016F-43BD-B92F-88DA057B8FA8}.Release|x64.Build.0 = Release|x64
		{9F611411-F4BD-4687-BE22-B16AF16C62FD}.Debug|ARM.ActiveCfg = Debug|ARM
		{9F611411-F4BD-4687-BE22-B16AF16C62FD}.Debug|ARM.Build.0 = Debug|ARM
		{9F611411-F4BD-4687-BE22-B16AF16C62FD}.Debug|Win32.ActiveCfg = Debug|Win32
		{9F611411-F4BD-4687-BE22-B16AF16C62FD}.Debug|Win32.Build.0 = Debug|Win32
		{9F611411-F4BD-4687-BE22-B16AF16C62FD}.Debug|x64.ActiveCfg = Debug|Win32
		{9F611411-F4BD-4687-BE22-B16AF16C62FD}.Release|ARM.ActiveCfg = Release|ARM
		{9F611411-F4BD-4687-BE22-B16AF16C62FD}.Release|ARM.Build.0 = Release|ARM
		{9F611411-F4BD-4687-BE22-B16AF16C62FD}.Release|Win32.ActiveCfg = Release|Win32
		{9F611411-F4BD-4687-BE22-B16AF16C62FD}.Release|Win32.Build.0 = Release|Win32
		{9F611411-F4BD-4687-BE22-B16AF16C62FD}.Release|x64.ActiveCfg = Release|Win32
	EndGlobalSection
	GlobalSection(SolutionProperties) = preSolution
		HideSolutionNode = FALSE
	EndGlobalSection
EndGlobal
